
Microsoft Visual Studio Solution File, Format Version 12.00
# Visual Studio Version 17
VisualStudioVersion = 17.11.35327.3
MinimumVisualStudioVersion = 10.0.40219.1
Project("{FAE04EC0-301F-11D3-BF4B-00C04F79EFBC}") = "Delegate&Event", "Delegate&Event\Delegate&Event.csproj", "{3591B4C0-ADF3-4A6F-B4B3-EFA7111B5D59}"
EndProject
Global
	GlobalSection(SolutionConfigurationPlatforms) = preSolution
		Debug|Any CPU = Debug|Any CPU
		Release|Any CPU = Release|Any CPU
	EndGlobalSection
	GlobalSection(ProjectConfigurationPlatforms) = postSolution
		{3591B4C0-ADF3-4A6F-B4B3-EFA7111B5D59}.Debug|Any CPU.ActiveCfg = Debug|Any CPU
		{3591B4C0-ADF3-4A6F-B4B3-EFA7111B5D59}.Debug|Any CPU.Build.0 = Debug|Any CPU
		{3591B4C0-ADF3-4A6F-B4B3-EFA7111B5D59}.Release|Any CPU.ActiveCfg = Release|Any CPU
		{3591B4C0-ADF3-4A6F-B4B3-EFA7111B5D59}.Release|Any CPU.Build.0 = Release|Any CPU
	EndGlobalSection
	GlobalSection(SolutionProperties) = preSolution
		HideSolutionNode = FALSE
	EndGlobalSection
	GlobalSection(ExtensibilityGlobals) = postSolution
		SolutionGuid = {DCD44BB9-8501-45D2-9998-74D2E8A7686F}
	EndGlobalSection
EndGlobal
